// !$*UTF8*$!
{
	archiveVersion = 1;
	classes = {
	};
	objectVersion = 77;
	objects = {

/* Begin PBXBuildFile section */
		CE0B8C972CEE570800428902 /* Poppins-Black.ttf in Resources */ = {isa = PBXBuildFile; fileRef = CE0B8C842CEE570800428902 /* Poppins-Black.ttf */; };
		CE0B8C992CEE570800428902 /* Poppins-Light.ttf in Resources */ = {isa = PBXBuildFile; fileRef = CE0B8C8D2CEE570800428902 /* Poppins-Light.ttf */; };
		CE0B8C9A2CEE570800428902 /* Poppins-ExtraBoldItalic.ttf in Resources */ = {isa = PBXBuildFile; fileRef = CE0B8C892CEE570800428902 /* Poppins-ExtraBoldItalic.ttf */; };
		CE0B8C9B2CEE570800428902 /* Poppins-Bold.ttf in Resources */ = {isa = PBXBuildFile; fileRef = CE0B8C862CEE570800428902 /* Poppins-Bold.ttf */; };
		CE0B8C9C2CEE570800428902 /* Poppins-SemiBoldItalic.ttf in Resources */ = {isa = PBXBuildFile; fileRef = CE0B8C932CEE570800428902 /* Poppins-SemiBoldItalic.ttf */; };
		CE0B8C9D2CEE570800428902 /* Poppins-Medium.ttf in Resources */ = {isa = PBXBuildFile; fileRef = CE0B8C8F2CEE570800428902 /* Poppins-Medium.ttf */; };
		CE0B8C9E2CEE570800428902 /* Poppins-ExtraLight.ttf in Resources */ = {isa = PBXBuildFile; fileRef = CE0B8C8A2CEE570800428902 /* Poppins-ExtraLight.ttf */; };
		CE0B8C9F2CEE570800428902 /* Poppins-SemiBold.ttf in Resources */ = {isa = PBXBuildFile; fileRef = CE0B8C922CEE570800428902 /* Poppins-SemiBold.ttf */; };
		CE0B8CA02CEE570800428902 /* Poppins-BlackItalic.ttf in Resources */ = {isa = PBXBuildFile; fileRef = CE0B8C852CEE570800428902 /* Poppins-BlackItalic.ttf */; };
		CE0B8CA12CEE570800428902 /* Poppins-BoldItalic.ttf in Resources */ = {isa = PBXBuildFile; fileRef = CE0B8C872CEE570800428902 /* Poppins-BoldItalic.ttf */; };
		CE0B8CA22CEE570800428902 /* Poppins-MediumItalic.ttf in Resources */ = {isa = PBXBuildFile; fileRef = CE0B8C902CEE570800428902 /* Poppins-MediumItalic.ttf */; };
		CE0B8CA32CEE570800428902 /* Poppins-Italic.ttf in Resources */ = {isa = PBXBuildFile; fileRef = CE0B8C8C2CEE570800428902 /* Poppins-Italic.ttf */; };
		CE0B8CA42CEE570800428902 /* Poppins-ThinItalic.ttf in Resources */ = {isa = PBXBuildFile; fileRef = CE0B8C952CEE570800428902 /* Poppins-ThinItalic.ttf */; };
		CE0B8CA52CEE570800428902 /* Poppins-Regular.ttf in Resources */ = {isa = PBXBuildFile; fileRef = CE0B8C912CEE570800428902 /* Poppins-Regular.ttf */; };
		CE0B8CA62CEE570800428902 /* Poppins-Thin.ttf in Resources */ = {isa = PBXBuildFile; fileRef = CE0B8C942CEE570800428902 /* Poppins-Thin.ttf */; };
		CE0B8CA72CEE570800428902 /* Poppins-ExtraLightItalic.ttf in Resources */ = {isa = PBXBuildFile; fileRef = CE0B8C8B2CEE570800428902 /* Poppins-ExtraLightItalic.ttf */; };
		CE0B8CA82CEE570800428902 /* Poppins-LightItalic.ttf in Resources */ = {isa = PBXBuildFile; fileRef = CE0B8C8E2CEE570800428902 /* Poppins-LightItalic.ttf */; };
		CE0B8CA92CEE570800428902 /* Poppins-ExtraBold.ttf in Resources */ = {isa = PBXBuildFile; fileRef = CE0B8C882CEE570800428902 /* Poppins-ExtraBold.ttf */; };
		CE0B8CAD2CEE5FD000428902 /* extension UIView.swift in Sources */ = {isa = PBXBuildFile; fileRef = CE0B8CAC2CEE5FD000428902 /* extension UIView.swift */; };
		CE0FAEEB2CEE4CB000A4F0D5 /* Fonts.xcassets in Resources */ = {isa = PBXBuildFile; fileRef = CE0FAEEA2CEE4CB000A4F0D5 /* Fonts.xcassets */; };
		CEA244D82CED31B6009BF412 /* AppDelegate.swift in Sources */ = {isa = PBXBuildFile; fileRef = CEA244CE2CED31B6009BF412 /* AppDelegate.swift */; };
		CEA244D92CED31B6009BF412 /* SceneDelegate.swift in Sources */ = {isa = PBXBuildFile; fileRef = CEA244D52CED31B6009BF412 /* SceneDelegate.swift */; };
		CEA244DB2CED31B6009BF412 /* Assets.xcassets in Resources */ = {isa = PBXBuildFile; fileRef = CEA244CF2CED31B6009BF412 /* Assets.xcassets */; };
		CEA244EE2CED332E009BF412 /* LabelStyle+extension.swift in Sources */ = {isa = PBXBuildFile; fileRef = CEA244EA2CED332E009BF412 /* LabelStyle+extension.swift */; };
		CEA244EF2CED332E009BF412 /* Label.swift in Sources */ = {isa = PBXBuildFile; fileRef = CEA244E82CED332E009BF412 /* Label.swift */; };
		CEA244F12CED332E009BF412 /* LabelStyle.swift in Sources */ = {isa = PBXBuildFile; fileRef = CEA244E92CED332E009BF412 /* LabelStyle.swift */; };
		CEA244F22CED332E009BF412 /* UIFont+extension.swift in Sources */ = {isa = PBXBuildFile; fileRef = CEA244EB2CED332E009BF412 /* UIFont+extension.swift */; };
		CEA244F82CED369A009BF412 /* LaunchViewController.swift in Sources */ = {isa = PBXBuildFile; fileRef = CEA244F72CED369A009BF412 /* LaunchViewController.swift */; };
		CEA244FA2CED37CE009BF412 /* extension Array.swift in Sources */ = {isa = PBXBuildFile; fileRef = CEA244F92CED37CE009BF412 /* extension Array.swift */; };
		CEA244FC2CED3897009BF412 /* Model.swift in Sources */ = {isa = PBXBuildFile; fileRef = CEA244FB2CED3897009BF412 /* Model.swift */; };
		CEA244FE2CED38D3009BF412 /* LocalDataBase.swift in Sources */ = {isa = PBXBuildFile; fileRef = CEA244FD2CED38D3009BF412 /* LocalDataBase.swift */; };
		CEB619E62CEF8E7000AB176B /* TrackYouViewController.swift in Sources */ = {isa = PBXBuildFile; fileRef = CEB619E52CEF8E7000AB176B /* TrackYouViewController.swift */; };
		CEB619E82CEFA9C000AB176B /* extension UIView + shadowLayer.swift in Sources */ = {isa = PBXBuildFile; fileRef = CEB619E72CEFA9C000AB176B /* extension UIView + shadowLayer.swift */; };
		CEB61A3A2CEFD1D000AB176B /* CircularProgressView.swift in Sources */ = {isa = PBXBuildFile; fileRef = CEB61A392CEFD1D000AB176B /* CircularProgressView.swift */; };
		CEB61A3C2CEFE83700AB176B /* EatWellViewController.swift in Sources */ = {isa = PBXBuildFile; fileRef = CEB61A3B2CEFE83700AB176B /* EatWellViewController.swift */; };
/* End PBXBuildFile section */

/* Begin PBXFileReference section */
		CE0B8C842CEE570800428902 /* Poppins-Black.ttf */ = {isa = PBXFileReference; lastKnownFileType = file; path = "Poppins-Black.ttf"; sourceTree = "<group>"; };
		CE0B8C852CEE570800428902 /* Poppins-BlackItalic.ttf */ = {isa = PBXFileReference; lastKnownFileType = file; path = "Poppins-BlackItalic.ttf"; sourceTree = "<group>"; };
		CE0B8C862CEE570800428902 /* Poppins-Bold.ttf */ = {isa = PBXFileReference; lastKnownFileType = file; path = "Poppins-Bold.ttf"; sourceTree = "<group>"; };
		CE0B8C872CEE570800428902 /* Poppins-BoldItalic.ttf */ = {isa = PBXFileReference; lastKnownFileType = file; path = "Poppins-BoldItalic.ttf"; sourceTree = "<group>"; };
		CE0B8C882CEE570800428902 /* Poppins-ExtraBold.ttf */ = {isa = PBXFileReference; lastKnownFileType = file; path = "Poppins-ExtraBold.ttf"; sourceTree = "<group>"; };
		CE0B8C892CEE570800428902 /* Poppins-ExtraBoldItalic.ttf */ = {isa = PBXFileReference; lastKnownFileType = file; path = "Poppins-ExtraBoldItalic.ttf"; sourceTree = "<group>"; };
		CE0B8C8A2CEE570800428902 /* Poppins-ExtraLight.ttf */ = {isa = PBXFileReference; lastKnownFileType = file; path = "Poppins-ExtraLight.ttf"; sourceTree = "<group>"; };
		CE0B8C8B2CEE570800428902 /* Poppins-ExtraLightItalic.ttf */ = {isa = PBXFileReference; lastKnownFileType = file; path = "Poppins-ExtraLightItalic.ttf"; sourceTree = "<group>"; };
		CE0B8C8C2CEE570800428902 /* Poppins-Italic.ttf */ = {isa = PBXFileReference; lastKnownFileType = file; path = "Poppins-Italic.ttf"; sourceTree = "<group>"; };
		CE0B8C8D2CEE570800428902 /* Poppins-Light.ttf */ = {isa = PBXFileReference; lastKnownFileType = file; path = "Poppins-Light.ttf"; sourceTree = "<group>"; };
		CE0B8C8E2CEE570800428902 /* Poppins-LightItalic.ttf */ = {isa = PBXFileReference; lastKnownFileType = file; path = "Poppins-LightItalic.ttf"; sourceTree = "<group>"; };
		CE0B8C8F2CEE570800428902 /* Poppins-Medium.ttf */ = {isa = PBXFileReference; lastKnownFileType = file; path = "Poppins-Medium.ttf"; sourceTree = "<group>"; };
		CE0B8C902CEE570800428902 /* Poppins-MediumItalic.ttf */ = {isa = PBXFileReference; lastKnownFileType = file; path = "Poppins-MediumItalic.ttf"; sourceTree = "<group>"; };
		CE0B8C912CEE570800428902 /* Poppins-Regular.ttf */ = {isa = PBXFileReference; lastKnownFileType = file; path = "Poppins-Regular.ttf"; sourceTree = "<group>"; };
		CE0B8C922CEE570800428902 /* Poppins-SemiBold.ttf */ = {isa = PBXFileReference; lastKnownFileType = file; path = "Poppins-SemiBold.ttf"; sourceTree = "<group>"; };
		CE0B8C932CEE570800428902 /* Poppins-SemiBoldItalic.ttf */ = {isa = PBXFileReference; lastKnownFileType = file; path = "Poppins-SemiBoldItalic.ttf"; sourceTree = "<group>"; };
		CE0B8C942CEE570800428902 /* Poppins-Thin.ttf */ = {isa = PBXFileReference; lastKnownFileType = file; path = "Poppins-Thin.ttf"; sourceTree = "<group>"; };
		CE0B8C952CEE570800428902 /* Poppins-ThinItalic.ttf */ = {isa = PBXFileReference; lastKnownFileType = file; path = "Poppins-ThinItalic.ttf"; sourceTree = "<group>"; };
		CE0B8CAC2CEE5FD000428902 /* extension UIView.swift */ = {isa = PBXFileReference; lastKnownFileType = sourcecode.swift; path = "extension UIView.swift"; sourceTree = "<group>"; };
		CE0FAEEA2CEE4CB000A4F0D5 /* Fonts.xcassets */ = {isa = PBXFileReference; lastKnownFileType = folder.assetcatalog; path = Fonts.xcassets; sourceTree = "<group>"; };
		CEA244B52CED319F009BF412 /* IFitApp.app */ = {isa = PBXFileReference; explicitFileType = wrapper.application; includeInIndex = 0; path = IFitApp.app; sourceTree = BUILT_PRODUCTS_DIR; };
		CEA244CE2CED31B6009BF412 /* AppDelegate.swift */ = {isa = PBXFileReference; lastKnownFileType = sourcecode.swift; path = AppDelegate.swift; sourceTree = "<group>"; };
		CEA244CF2CED31B6009BF412 /* Assets.xcassets */ = {isa = PBXFileReference; lastKnownFileType = folder.assetcatalog; path = Assets.xcassets; sourceTree = "<group>"; };
		CEA244D02CED31B6009BF412 /* Info.plist */ = {isa = PBXFileReference; lastKnownFileType = text.plist.xml; path = Info.plist; sourceTree = "<group>"; };
		CEA244D52CED31B6009BF412 /* SceneDelegate.swift */ = {isa = PBXFileReference; lastKnownFileType = sourcecode.swift; path = SceneDelegate.swift; sourceTree = "<group>"; };
		CEA244E82CED332E009BF412 /* Label.swift */ = {isa = PBXFileReference; lastKnownFileType = sourcecode.swift; path = Label.swift; sourceTree = "<group>"; };
		CEA244E92CED332E009BF412 /* LabelStyle.swift */ = {isa = PBXFileReference; lastKnownFileType = sourcecode.swift; path = LabelStyle.swift; sourceTree = "<group>"; };
		CEA244EA2CED332E009BF412 /* LabelStyle+extension.swift */ = {isa = PBXFileReference; lastKnownFileType = sourcecode.swift; path = "LabelStyle+extension.swift"; sourceTree = "<group>"; };
		CEA244EB2CED332E009BF412 /* UIFont+extension.swift */ = {isa = PBXFileReference; lastKnownFileType = sourcecode.swift; path = "UIFont+extension.swift"; sourceTree = "<group>"; };
		CEA244F72CED369A009BF412 /* LaunchViewController.swift */ = {isa = PBXFileReference; lastKnownFileType = sourcecode.swift; path = LaunchViewController.swift; sourceTree = "<group>"; };
		CEA244F92CED37CE009BF412 /* extension Array.swift */ = {isa = PBXFileReference; lastKnownFileType = sourcecode.swift; path = "extension Array.swift"; sourceTree = "<group>"; };
		CEA244FB2CED3897009BF412 /* Model.swift */ = {isa = PBXFileReference; lastKnownFileType = sourcecode.swift; path = Model.swift; sourceTree = "<group>"; };
		CEA244FD2CED38D3009BF412 /* LocalDataBase.swift */ = {isa = PBXFileReference; lastKnownFileType = sourcecode.swift; path = LocalDataBase.swift; sourceTree = "<group>"; };
		CEB619E52CEF8E7000AB176B /* TrackYouViewController.swift */ = {isa = PBXFileReference; lastKnownFileType = sourcecode.swift; path = TrackYouViewController.swift; sourceTree = "<group>"; };
		CEB619E72CEFA9C000AB176B /* extension UIView + shadowLayer.swift */ = {isa = PBXFileReference; lastKnownFileType = sourcecode.swift; path = "extension UIView + shadowLayer.swift"; sourceTree = "<group>"; };
		CEB61A392CEFD1D000AB176B /* CircularProgressView.swift */ = {isa = PBXFileReference; lastKnownFileType = sourcecode.swift; path = CircularProgressView.swift; sourceTree = "<group>"; };
		CEB61A3B2CEFE83700AB176B /* EatWellViewController.swift */ = {isa = PBXFileReference; lastKnownFileType = sourcecode.swift; path = EatWellViewController.swift; sourceTree = "<group>"; };
/* End PBXFileReference section */

/* Begin PBXFrameworksBuildPhase section */
		CEA244B22CED319F009BF412 /* Frameworks */ = {
			isa = PBXFrameworksBuildPhase;
			buildActionMask = 2147483647;
			files = (
			);
			runOnlyForDeploymentPostprocessing = 0;
		};
/* End PBXFrameworksBuildPhase section */

/* Begin PBXGroup section */
		CE0B8C962CEE570800428902 /* Poppins */ = {
			isa = PBXGroup;
			children = (
				CE0B8C842CEE570800428902 /* Poppins-Black.ttf */,
				CE0B8C852CEE570800428902 /* Poppins-BlackItalic.ttf */,
				CE0B8C862CEE570800428902 /* Poppins-Bold.ttf */,
				CE0B8C872CEE570800428902 /* Poppins-BoldItalic.ttf */,
				CE0B8C882CEE570800428902 /* Poppins-ExtraBold.ttf */,
				CE0B8C892CEE570800428902 /* Poppins-ExtraBoldItalic.ttf */,
				CE0B8C8A2CEE570800428902 /* Poppins-ExtraLight.ttf */,
				CE0B8C8B2CEE570800428902 /* Poppins-ExtraLightItalic.ttf */,
				CE0B8C8C2CEE570800428902 /* Poppins-Italic.ttf */,
				CE0B8C8D2CEE570800428902 /* Poppins-Light.ttf */,
				CE0B8C8E2CEE570800428902 /* Poppins-LightItalic.ttf */,
				CE0B8C8F2CEE570800428902 /* Poppins-Medium.ttf */,
				CE0B8C902CEE570800428902 /* Poppins-MediumItalic.ttf */,
				CE0B8C912CEE570800428902 /* Poppins-Regular.ttf */,
				CE0B8C922CEE570800428902 /* Poppins-SemiBold.ttf */,
				CE0B8C932CEE570800428902 /* Poppins-SemiBoldItalic.ttf */,
				CE0B8C942CEE570800428902 /* Poppins-Thin.ttf */,
				CE0B8C952CEE570800428902 /* Poppins-ThinItalic.ttf */,
			);
			path = Poppins;
			sourceTree = "<group>";
		};
		CEA244AC2CED319F009BF412 = {
			isa = PBXGroup;
			children = (
				CEA244D72CED31B6009BF412 /* IFitApp */,
				CEA244B62CED319F009BF412 /* Products */,
			);
			sourceTree = "<group>";
		};
		CEA244B62CED319F009BF412 /* Products */ = {
			isa = PBXGroup;
			children = (
				CEA244B52CED319F009BF412 /* IFitApp.app */,
			);
			name = Products;
			sourceTree = "<group>";
		};
		CEA244D72CED31B6009BF412 /* IFitApp */ = {
			isa = PBXGroup;
			children = (
				CEA244CF2CED31B6009BF412 /* Assets.xcassets */,
				CE0FAEEA2CEE4CB000A4F0D5 /* Fonts.xcassets */,
				CEA244F42CED347C009BF412 /* ViewControllers */,
				CEA244E22CED329E009BF412 /* Model */,
				CEA244E42CED32FA009BF412 /* extension */,
				CEA244ED2CED332E009BF412 /* UIComponents */,
				CEA244DF2CED31BE009BF412 /* App */,
			);
			path = IFitApp;
			sourceTree = "<group>";
		};
		CEA244DF2CED31BE009BF412 /* App */ = {
			isa = PBXGroup;
			children = (
				CEA244D52CED31B6009BF412 /* SceneDelegate.swift */,
				CEA244CE2CED31B6009BF412 /* AppDelegate.swift */,
				CEA244D02CED31B6009BF412 /* Info.plist */,
			);
			path = App;
			sourceTree = "<group>";
		};
		CEA244E22CED329E009BF412 /* Model */ = {
			isa = PBXGroup;
			children = (
				CEA244FB2CED3897009BF412 /* Model.swift */,
				CEA244FD2CED38D3009BF412 /* LocalDataBase.swift */,
			);
			path = Model;
			sourceTree = "<group>";
		};
		CEA244E42CED32FA009BF412 /* extension */ = {
			isa = PBXGroup;
			children = (
				CEA244F92CED37CE009BF412 /* extension Array.swift */,
				CE0B8CAC2CEE5FD000428902 /* extension UIView.swift */,
				CEB619E72CEFA9C000AB176B /* extension UIView + shadowLayer.swift */,
			);
			path = extension;
			sourceTree = "<group>";
		};
		CEA244EC2CED332E009BF412 /* Typography */ = {
			isa = PBXGroup;
			children = (
				CEA244E82CED332E009BF412 /* Label.swift */,
				CEA244E92CED332E009BF412 /* LabelStyle.swift */,
				CEA244EA2CED332E009BF412 /* LabelStyle+extension.swift */,
				CEA244EB2CED332E009BF412 /* UIFont+extension.swift */,
				CE0B8C962CEE570800428902 /* Poppins */,
			);
			path = Typography;
			sourceTree = "<group>";
		};
		CEA244ED2CED332E009BF412 /* UIComponents */ = {
			isa = PBXGroup;
			children = (
				CEA244EC2CED332E009BF412 /* Typography */,
			);
			path = UIComponents;
			sourceTree = "<group>";
		};
		CEA244F42CED347C009BF412 /* ViewControllers */ = {
			isa = PBXGroup;
			children = (
				CEA244F72CED369A009BF412 /* LaunchViewController.swift */,
				CEB619E52CEF8E7000AB176B /* TrackYouViewController.swift */,
				CEB61A392CEFD1D000AB176B /* CircularProgressView.swift */,
				CEB61A3B2CEFE83700AB176B /* EatWellViewController.swift */,
			);
			path = ViewControllers;
			sourceTree = "<group>";
		};
/* End PBXGroup section */

/* Begin PBXNativeTarget section */
		CEA244B42CED319F009BF412 /* IFitApp */ = {
			isa = PBXNativeTarget;
			buildConfigurationList = CEA244C82CED31A2009BF412 /* Build configuration list for PBXNativeTarget "IFitApp" */;
			buildPhases = (
				CEA244B12CED319F009BF412 /* Sources */,
				CEA244B22CED319F009BF412 /* Frameworks */,
				CEA244B32CED319F009BF412 /* Resources */,
			);
			buildRules = (
			);
			dependencies = (
			);
			name = IFitApp;
			packageProductDependencies = (
			);
			productName = IFitApp;
			productReference = CEA244B52CED319F009BF412 /* IFitApp.app */;
			productType = "com.apple.product-type.application";
		};
/* End PBXNativeTarget section */

/* Begin PBXProject section */
		CEA244AD2CED319F009BF412 /* Project object */ = {
			isa = PBXProject;
			attributes = {
				BuildIndependentTargetsInParallel = 1;
				LastSwiftUpdateCheck = 1610;
				LastUpgradeCheck = 1610;
				TargetAttributes = {
					CEA244B42CED319F009BF412 = {
						CreatedOnToolsVersion = 16.1;
					};
				};
			};
			buildConfigurationList = CEA244B02CED319F009BF412 /* Build configuration list for PBXProject "IFitApp" */;
			developmentRegion = en;
			hasScannedForEncodings = 0;
			knownRegions = (
				en,
				Base,
			);
			mainGroup = CEA244AC2CED319F009BF412;
			minimizedProjectReferenceProxies = 1;
			preferredProjectObjectVersion = 77;
			productRefGroup = CEA244B62CED319F009BF412 /* Products */;
			projectDirPath = "";
			projectRoot = "";
			targets = (
				CEA244B42CED319F009BF412 /* IFitApp */,
			);
		};
/* End PBXProject section */

/* Begin PBXResourcesBuildPhase section */
		CEA244B32CED319F009BF412 /* Resources */ = {
			isa = PBXResourcesBuildPhase;
			buildActionMask = 2147483647;
			files = (
				CE0B8C972CEE570800428902 /* Poppins-Black.ttf in Resources */,
				CE0B8C992CEE570800428902 /* Poppins-Light.ttf in Resources */,
				CE0B8C9A2CEE570800428902 /* Poppins-ExtraBoldItalic.ttf in Resources */,
				CE0B8C9B2CEE570800428902 /* Poppins-Bold.ttf in Resources */,
				CE0B8C9C2CEE570800428902 /* Poppins-SemiBoldItalic.ttf in Resources */,
				CE0B8C9D2CEE570800428902 /* Poppins-Medium.ttf in Resources */,
				CE0B8C9E2CEE570800428902 /* Poppins-ExtraLight.ttf in Resources */,
				CE0B8C9F2CEE570800428902 /* Poppins-SemiBold.ttf in Resources */,
				CE0B8CA02CEE570800428902 /* Poppins-BlackItalic.ttf in Resources */,
				CE0B8CA12CEE570800428902 /* Poppins-BoldItalic.ttf in Resources */,
				CE0B8CA22CEE570800428902 /* Poppins-MediumItalic.ttf in Resources */,
				CE0B8CA32CEE570800428902 /* Poppins-Italic.ttf in Resources */,
				CE0B8CA42CEE570800428902 /* Poppins-ThinItalic.ttf in Resources */,
				CE0B8CA52CEE570800428902 /* Poppins-Regular.ttf in Resources */,
				CE0B8CA62CEE570800428902 /* Poppins-Thin.ttf in Resources */,
				CE0B8CA72CEE570800428902 /* Poppins-ExtraLightItalic.ttf in Resources */,
				CE0B8CA82CEE570800428902 /* Poppins-LightItalic.ttf in Resources */,
				CE0B8CA92CEE570800428902 /* Poppins-ExtraBold.ttf in Resources */,
				CE0FAEEB2CEE4CB000A4F0D5 /* Fonts.xcassets in Resources */,
				CEA244DB2CED31B6009BF412 /* Assets.xcassets in Resources */,
			);
			runOnlyForDeploymentPostprocessing = 0;
		};
/* End PBXResourcesBuildPhase section */

/* Begin PBXSourcesBuildPhase section */
		CEA244B12CED319F009BF412 /* Sources */ = {
			isa = PBXSourcesBuildPhase;
			buildActionMask = 2147483647;
			files = (
				CEB619E62CEF8E7000AB176B /* TrackYouViewController.swift in Sources */,
				CEA244FE2CED38D3009BF412 /* LocalDataBase.swift in Sources */,
				CEB61A3C2CEFE83700AB176B /* EatWellViewController.swift in Sources */,
				CEA244FC2CED3897009BF412 /* Model.swift in Sources */,
				CEA244EE2CED332E009BF412 /* LabelStyle+extension.swift in Sources */,
				CEA244EF2CED332E009BF412 /* Label.swift in Sources */,
				CEA244F12CED332E009BF412 /* LabelStyle.swift in Sources */,
				CEB619E82CEFA9C000AB176B /* extension UIView + shadowLayer.swift in Sources */,
				CEA244F22CED332E009BF412 /* UIFont+extension.swift in Sources */,
				CEA244FA2CED37CE009BF412 /* extension Array.swift in Sources */,
				CEB61A3A2CEFD1D000AB176B /* CircularProgressView.swift in Sources */,
				CEA244D82CED31B6009BF412 /* AppDelegate.swift in Sources */,
				CEA244F82CED369A009BF412 /* LaunchViewController.swift in Sources */,
				CEA244D92CED31B6009BF412 /* SceneDelegate.swift in Sources */,
				CE0B8CAD2CEE5FD000428902 /* extension UIView.swift in Sources */,
			);
			runOnlyForDeploymentPostprocessing = 0;
		};
/* End PBXSourcesBuildPhase section */

/* Begin XCBuildConfiguration section */
		CEA244C92CED31A2009BF412 /* Debug */ = {
			isa = XCBuildConfiguration;
			buildSettings = {
				ASSETCATALOG_COMPILER_APPICON_NAME = AppIcon;
				ASSETCATALOG_COMPILER_GLOBAL_ACCENT_COLOR_NAME = AccentColor;
				CODE_SIGN_STYLE = Automatic;
				CURRENT_PROJECT_VERSION = 1;
				DEVELOPMENT_TEAM = 24Q9WM75S6;
				GENERATE_INFOPLIST_FILE = YES;
				INFOPLIST_FILE = IFitApp/App/Info.plist;
				INFOPLIST_KEY_UIApplicationSupportsIndirectInputEvents = YES;
				INFOPLIST_KEY_UILaunchStoryboardName = LaunchScreen;
				INFOPLIST_KEY_UISupportedInterfaceOrientations_iPad = "UIInterfaceOrientationPortrait UIInterfaceOrientationPortraitUpsideDown UIInterfaceOrientationLandscapeLeft UIInterfaceOrientationLandscapeRight";
				INFOPLIST_KEY_UISupportedInterfaceOrientations_iPhone = "UIInterfaceOrientationPortrait UIInterfaceOrientationLandscapeLeft UIInterfaceOrientationLandscapeRight";
				LD_RUNPATH_SEARCH_PATHS = (
					"$(inherited)",
					"@executable_path/Frameworks",
				);
				MARKETING_VERSION = 1.0;
				PRODUCT_BUNDLE_IDENTIFIER = halushko.IFitApp;
				PRODUCT_NAME = "$(TARGET_NAME)";
				SUPPORTED_PLATFORMS = "iphoneos iphonesimulator";
				SUPPORTS_MACCATALYST = NO;
				SUPPORTS_MAC_DESIGNED_FOR_IPHONE_IPAD = NO;
				SUPPORTS_XR_DESIGNED_FOR_IPHONE_IPAD = NO;
				SWIFT_EMIT_LOC_STRINGS = YES;
				SWIFT_VERSION = 5.0;
				TARGETED_DEVICE_FAMILY = 1;
			};
			name = Debug;
		};
		CEA244CA2CED31A2009BF412 /* Release */ = {
			isa = XCBuildConfiguration;
			buildSettings = {
				ASSETCATALOG_COMPILER_APPICON_NAME = AppIcon;
				ASSETCATALOG_COMPILER_GLOBAL_ACCENT_COLOR_NAME = AccentColor;
				CODE_SIGN_STYLE = Automatic;
				CURRENT_PROJECT_VERSION = 1;
				DEVELOPMENT_TEAM = 24Q9WM75S6;
				GENERATE_INFOPLIST_FILE = YES;
				INFOPLIST_FILE = IFitApp/App/Info.plist;
				INFOPLIST_KEY_UIApplicationSupportsIndirectInputEvents = YES;
				INFOPLIST_KEY_UILaunchStoryboardName = LaunchScreen;
				INFOPLIST_KEY_UISupportedInterfaceOrientations_iPad = "UIInterfaceOrientationPortrait UIInterfaceOrientationPortraitUpsideDown UIInterfaceOrientationLandscapeLeft UIInterfaceOrientationLandscapeRight";
				INFOPLIST_KEY_UISupportedInterfaceOrientations_iPhone = "UIInterfaceOrientationPortrait UIInterfaceOrientationLandscapeLeft UIInterfaceOrientationLandscapeRight";
				LD_RUNPATH_SEARCH_PATHS = (
					"$(inherited)",
					"@executable_path/Frameworks",
				);
				MARKETING_VERSION = 1.0;
				PRODUCT_BUNDLE_IDENTIFIER = halushko.IFitApp;
				PRODUCT_NAME = "$(TARGET_NAME)";
				SUPPORTED_PLATFORMS = "iphoneos iphonesimulator";
				SUPPORTS_MACCATALYST = NO;
				SUPPORTS_MAC_DESIGNED_FOR_IPHONE_IPAD = NO;
				SUPPORTS_XR_DESIGNED_FOR_IPHONE_IPAD = NO;
				SWIFT_EMIT_LOC_STRINGS = YES;
				SWIFT_VERSION = 5.0;
				TARGETED_DEVICE_FAMILY = 1;
			};
			name = Release;
		};
		CEA244CB2CED31A2009BF412 /* Debug */ = {
			isa = XCBuildConfiguration;
			buildSettings = {
				ALWAYS_SEARCH_USER_PATHS = NO;
				ASSETCATALOG_COMPILER_GENERATE_SWIFT_ASSET_SYMBOL_EXTENSIONS = YES;
				CLANG_ANALYZER_NONNULL = YES;
				CLANG_ANALYZER_NUMBER_OBJECT_CONVERSION = YES_AGGRESSIVE;
				CLANG_CXX_LANGUAGE_STANDARD = "gnu++20";
				CLANG_ENABLE_MODULES = YES;
				CLANG_ENABLE_OBJC_ARC = YES;
				CLANG_ENABLE_OBJC_WEAK = YES;
				CLANG_WARN_BLOCK_CAPTURE_AUTORELEASING = YES;
				CLANG_WARN_BOOL_CONVERSION = YES;
				CLANG_WARN_COMMA = YES;
				CLANG_WARN_CONSTANT_CONVERSION = YES;
				CLANG_WARN_DEPRECATED_OBJC_IMPLEMENTATIONS = YES;
				CLANG_WARN_DIRECT_OBJC_ISA_USAGE = YES_ERROR;
				CLANG_WARN_DOCUMENTATION_COMMENTS = YES;
				CLANG_WARN_EMPTY_BODY = YES;
				CLANG_WARN_ENUM_CONVERSION = YES;
				CLANG_WARN_INFINITE_RECURSION = YES;
				CLANG_WARN_INT_CONVERSION = YES;
				CLANG_WARN_NON_LITERAL_NULL_CONVERSION = YES;
				CLANG_WARN_OBJC_IMPLICIT_RETAIN_SELF = YES;
				CLANG_WARN_OBJC_LITERAL_CONVERSION = YES;
				CLANG_WARN_OBJC_ROOT_CLASS = YES_ERROR;
				CLANG_WARN_QUOTED_INCLUDE_IN_FRAMEWORK_HEADER = YES;
				CLANG_WARN_RANGE_LOOP_ANALYSIS = YES;
				CLANG_WARN_STRICT_PROTOTYPES = YES;
				CLANG_WARN_SUSPICIOUS_MOVE = YES;
				CLANG_WARN_UNGUARDED_AVAILABILITY = YES_AGGRESSIVE;
				CLANG_WARN_UNREACHABLE_CODE = YES;
				CLANG_WARN__DUPLICATE_METHOD_MATCH = YES;
				COPY_PHASE_STRIP = NO;
				DEBUG_INFORMATION_FORMAT = dwarf;
				ENABLE_STRICT_OBJC_MSGSEND = YES;
				ENABLE_TESTABILITY = YES;
				ENABLE_USER_SCRIPT_SANDBOXING = YES;
				GCC_C_LANGUAGE_STANDARD = gnu17;
				GCC_DYNAMIC_NO_PIC = NO;
				GCC_NO_COMMON_BLOCKS = YES;
				GCC_OPTIMIZATION_LEVEL = 0;
				GCC_PREPROCESSOR_DEFINITIONS = (
					"DEBUG=1",
					"$(inherited)",
				);
				GCC_WARN_64_TO_32_BIT_CONVERSION = YES;
				GCC_WARN_ABOUT_RETURN_TYPE = YES_ERROR;
				GCC_WARN_UNDECLARED_SELECTOR = YES;
				GCC_WARN_UNINITIALIZED_AUTOS = YES_AGGRESSIVE;
				GCC_WARN_UNUSED_FUNCTION = YES;
				GCC_WARN_UNUSED_VARIABLE = YES;
				IPHONEOS_DEPLOYMENT_TARGET = 18.1;
				LOCALIZATION_PREFERS_STRING_CATALOGS = YES;
				MTL_ENABLE_DEBUG_INFO = INCLUDE_SOURCE;
				MTL_FAST_MATH = YES;
				ONLY_ACTIVE_ARCH = YES;
				SDKROOT = iphoneos;
				SWIFT_ACTIVE_COMPILATION_CONDITIONS = "DEBUG $(inherited)";
				SWIFT_OPTIMIZATION_LEVEL = "-Onone";
			};
			name = Debug;
		};
		CEA244CC2CED31A2009BF412 /* Release */ = {
			isa = XCBuildConfiguration;
			buildSettings = {
				ALWAYS_SEARCH_USER_PATHS = NO;
				ASSETCATALOG_COMPILER_GENERATE_SWIFT_ASSET_SYMBOL_EXTENSIONS = YES;
				CLANG_ANALYZER_NONNULL = YES;
				CLANG_ANALYZER_NUMBER_OBJECT_CONVERSION = YES_AGGRESSIVE;
				CLANG_CXX_LANGUAGE_STANDARD = "gnu++20";
				CLANG_ENABLE_MODULES = YES;
				CLANG_ENABLE_OBJC_ARC = YES;
				CLANG_ENABLE_OBJC_WEAK = YES;
				CLANG_WARN_BLOCK_CAPTURE_AUTORELEASING = YES;
				CLANG_WARN_BOOL_CONVERSION = YES;
				CLANG_WARN_COMMA = YES;
				CLANG_WARN_CONSTANT_CONVERSION = YES;
				CLANG_WARN_DEPRECATED_OBJC_IMPLEMENTATIONS = YES;
				CLANG_WARN_DIRECT_OBJC_ISA_USAGE = YES_ERROR;
				CLANG_WARN_DOCUMENTATION_COMMENTS = YES;
				CLANG_WARN_EMPTY_BODY = YES;
				CLANG_WARN_ENUM_CONVERSION = YES;
				CLANG_WARN_INFINITE_RECURSION = YES;
				CLANG_WARN_INT_CONVERSION = YES;
				CLANG_WARN_NON_LITERAL_NULL_CONVERSION = YES;
				CLANG_WARN_OBJC_IMPLICIT_RETAIN_SELF = YES;
				CLANG_WARN_OBJC_LITERAL_CONVERSION = YES;
				CLANG_WARN_OBJC_ROOT_CLASS = YES_ERROR;
				CLANG_WARN_QUOTED_INCLUDE_IN_FRAMEWORK_HEADER = YES;
				CLANG_WARN_RANGE_LOOP_ANALYSIS = YES;
				CLANG_WARN_STRICT_PROTOTYPES = YES;
				CLANG_WARN_SUSPICIOUS_MOVE = YES;
				CLANG_WARN_UNGUARDED_AVAILABILITY = YES_AGGRESSIVE;
				CLANG_WARN_UNREACHABLE_CODE = YES;
				CLANG_WARN__DUPLICATE_METHOD_MATCH = YES;
				COPY_PHASE_STRIP = NO;
				DEBUG_INFORMATION_FORMAT = "dwarf-with-dsym";
				ENABLE_NS_ASSERTIONS = NO;
				ENABLE_STRICT_OBJC_MSGSEND = YES;
				ENABLE_USER_SCRIPT_SANDBOXING = YES;
				GCC_C_LANGUAGE_STANDARD = gnu17;
				GCC_NO_COMMON_BLOCKS = YES;
				GCC_WARN_64_TO_32_BIT_CONVERSION = YES;
				GCC_WARN_ABOUT_RETURN_TYPE = YES_ERROR;
				GCC_WARN_UNDECLARED_SELECTOR = YES;
				GCC_WARN_UNINITIALIZED_AUTOS = YES_AGGRESSIVE;
				GCC_WARN_UNUSED_FUNCTION = YES;
				GCC_WARN_UNUSED_VARIABLE = YES;
				IPHONEOS_DEPLOYMENT_TARGET = 18.1;
				LOCALIZATION_PREFERS_STRING_CATALOGS = YES;
				MTL_ENABLE_DEBUG_INFO = NO;
				MTL_FAST_MATH = YES;
				SDKROOT = iphoneos;
				SWIFT_COMPILATION_MODE = wholemodule;
				VALIDATE_PRODUCT = YES;
			};
			name = Release;
		};
/* End XCBuildConfiguration section */

/* Begin XCConfigurationList section */
		CEA244B02CED319F009BF412 /* Build configuration list for PBXProject "IFitApp" */ = {
			isa = XCConfigurationList;
			buildConfigurations = (
				CEA244CB2CED31A2009BF412 /* Debug */,
				CEA244CC2CED31A2009BF412 /* Release */,
			);
			defaultConfigurationIsVisible = 0;
			defaultConfigurationName = Release;
		};
		CEA244C82CED31A2009BF412 /* Build configuration list for PBXNativeTarget "IFitApp" */ = {
			isa = XCConfigurationList;
			buildConfigurations = (
				CEA244C92CED31A2009BF412 /* Debug */,
				CEA244CA2CED31A2009BF412 /* Release */,
			);
			defaultConfigurationIsVisible = 0;
			defaultConfigurationName = Release;
		};
/* End XCConfigurationList section */
	};
	rootObject = CEA244AD2CED319F009BF412 /* Project object */;
}
